
Microsoft Visual Studio Solution File, Format Version 12.00
# Visual Studio Version 17
VisualStudioVersion = 17.5.002.0
MinimumVisualStudioVersion = 10.0.40219.1
Project("{9A19103F-16F7-4668-BE54-9A1E7A4F7556}") = "advent2024", "advent2024.csproj", "{6A9CFB8E-8203-4B7C-8E9A-69FF6B9E8B55}"
EndProject
Global
	GlobalSection(SolutionConfigurationPlatforms) = preSolution
		Debug|Any CPU = Debug|Any CPU
		Release|Any CPU = Release|Any CPU
	EndGlobalSection
	GlobalSection(ProjectConfigurationPlatforms) = postSolution
		{6A9CFB8E-8203-4B7C-8E9A-69FF6B9E8B55}.Debug|Any CPU.ActiveCfg = Debug|Any CPU
		{6A9CFB8E-8203-4B7C-8E9A-69FF6B9E8B55}.Debug|Any CPU.Build.0 = Debug|Any CPU
		{6A9CFB8E-8203-4B7C-8E9A-69FF6B9E8B55}.Release|Any CPU.ActiveCfg = Release|Any CPU
		{6A9CFB8E-8203-4B7C-8E9A-69FF6B9E8B55}.Release|Any CPU.Build.0 = Release|Any CPU
	EndGlobalSection
	GlobalSection(SolutionProperties) = preSolution
		HideSolutionNode = FALSE
	EndGlobalSection
	GlobalSection(ExtensibilityGlobals) = postSolution
		SolutionGuid = {A64D90CA-CB12-4115-AB61-94B582AB58ED}
	EndGlobalSection
EndGlobal
